
Microsoft Visual Studio Solution File, Format Version 12.00
# Visual Studio 15
VisualStudioVersion = 15.0.27703.2042
MinimumVisualStudioVersion = 10.0.40219.1
Project("{8BC9CEB8-8B4A-11D0-8D11-00A0C91BC942}") = "Assignment 1 GP", "Assignment 1 GP\Assignment 1 GP.vcxproj", "{E8A7311B-7571-4E73-99A9-73A4336B8974}"
EndProject
Global
	GlobalSection(SolutionConfigurationPlatforms) = preSolution
		Debug|x64 = Debug|x64
		Debug|x86 = Debug|x86
		Release|x64 = Release|x64
		Release|x86 = Release|x86
	EndGlobalSection
	GlobalSection(ProjectConfigurationPlatforms) = postSolution
		{E8A7311B-7571-4E73-99A9-73A4336B8974}.Debug|x64.ActiveCfg = Debug|x64
		{E8A7311B-7571-4E73-99A9-73A4336B8974}.Debug|x64.Build.0 = Debug|x64
		{E8A7311B-7571-4E73-99A9-73A4336B8974}.Debug|x86.ActiveCfg = Debug|Win32
		{E8A7311B-7571-4E73-99A9-73A4336B8974}.Debug|x86.Build.0 = Debug|Win32
		{E8A7311B-7571-4E73-99A9-73A4336B8974}.Release|x64.ActiveCfg = Release|x64
		{E8A7311B-7571-4E73-99A9-73A4336B8974}.Release|x64.Build.0 = Release|x64
		{E8A7311B-7571-4E73-99A9-73A4336B8974}.Release|x86.ActiveCfg = Release|Win32
		{E8A7311B-7571-4E73-99A9-73A4336B8974}.Release|x86.Build.0 = Release|Win32
	EndGlobalSection
	GlobalSection(SolutionProperties) = preSolution
		HideSolutionNode = FALSE
	EndGlobalSection
	GlobalSection(ExtensibilityGlobals) = postSolution
		SolutionGuid = {A47596FD-16D2-4E8A-AAE0-78872AB5EA25}
	EndGlobalSection
EndGlobal
